
Microsoft Visual Studio Solution File, Format Version 12.00
# Visual Studio Version 17
VisualStudioVersion = 17.14.36109.1 d17.14
MinimumVisualStudioVersion = 10.0.40219.1
Project("{2150E333-8FDC-42A3-9474-1A3956D46DE8}") = "src", "src", "{02EA681E-C7D8-13C7-8484-4AC65E1B71E8}"
EndProject
Project("{FAE04EC0-301F-11D3-BF4B-00C04F79EFBC}") = "OtpDemo.Api", "src\OtpDemo.Api\OtpDemo.Api.csproj", "{A247B4ED-D0C4-463C-849D-6CBF633B3892}"
EndProject
Global
	GlobalSection(SolutionConfigurationPlatforms) = preSolution
		Debug|Any CPU = Debug|Any CPU
		Release|Any CPU = Release|Any CPU
	EndGlobalSection
	GlobalSection(ProjectConfigurationPlatforms) = postSolution
		{A247B4ED-D0C4-463C-849D-6CBF633B3892}.Debug|Any CPU.ActiveCfg = Debug|Any CPU
		{A247B4ED-D0C4-463C-849D-6CBF633B3892}.Debug|Any CPU.Build.0 = Debug|Any CPU
		{A247B4ED-D0C4-463C-849D-6CBF633B3892}.Release|Any CPU.ActiveCfg = Release|Any CPU
		{A247B4ED-D0C4-463C-849D-6CBF633B3892}.Release|Any CPU.Build.0 = Release|Any CPU
	EndGlobalSection
	GlobalSection(SolutionProperties) = preSolution
		HideSolutionNode = FALSE
	EndGlobalSection
	GlobalSection(NestedProjects) = preSolution
		{A247B4ED-D0C4-463C-849D-6CBF633B3892} = {02EA681E-C7D8-13C7-8484-4AC65E1B71E8}
	EndGlobalSection
	GlobalSection(ExtensibilityGlobals) = postSolution
		SolutionGuid = {C73881C9-AFC2-47F1-9EDC-EDACD3D55CD2}
	EndGlobalSection
EndGlobal
